{
  "name": "observatory",
  "version": "0.0.1",
  "lockfileVersion": 1,
  "requires": true,
  "dependencies": {
    "@pixi/filter-adjustment": {
      "version": "2.5.0",
      "resolved": "https://registry.npmjs.org/@pixi/filter-adjustment/-/filter-adjustment-2.5.0.tgz",
      "integrity": "sha1-VBrm9g/nTEPNbXS3g0fZfaShwgo="
    },
    "@pixi/filter-advanced-bloom": {
      "version": "2.6.0",
      "resolved": "https://registry.npmjs.org/@pixi/filter-advanced-bloom/-/filter-advanced-bloom-2.6.0.tgz",
      "integrity": "sha1-XeEQyXqaYcJ9Z9rw1nQRJERSdfs=",
      "requires": {
        "@pixi/filter-kawase-blur": "^2.6.0"
      }
    },
    "@pixi/filter-ascii": {
      "version": "2.5.0",
      "resolved": "https://registry.npmjs.org/@pixi/filter-ascii/-/filter-ascii-2.5.0.tgz",
      "integrity": "sha1-Yu8yTGhBJYTm5SmoPDdsKFX7r2c="
    },
    "@pixi/filter-bevel": {
      "version": "2.6.0",
      "resolved": "https://registry.npmjs.org/@pixi/filter-bevel/-/filter-bevel-2.6.0.tgz",
      "integrity": "sha1-9FuxLyX9Yd7+38IivuFboDoy6OQ="
    },
    "@pixi/filter-bloom": {
      "version": "2.5.0",
      "resolved": "https://registry.npmjs.org/@pixi/filter-bloom/-/filter-bloom-2.5.0.tgz",
      "integrity": "sha1-SkIFnDC+76SDwN7H7zYUsrPFjAU="
    },
    "@pixi/filter-bulge-pinch": {
      "version": "2.6.0",
      "resolved": "https://registry.npmjs.org/@pixi/filter-bulge-pinch/-/filter-bulge-pinch-2.6.0.tgz",
      "integrity": "sha1-HifIZtoIs7l0MUn7izRktJwF8Tg="
    },
    "@pixi/filter-color-map": {
      "version": "2.6.0",
      "resolved": "https://registry.npmjs.org/@pixi/filter-color-map/-/filter-color-map-2.6.0.tgz",
      "integrity": "sha1-D+iUTdJ1s4w4+dpaE8zxryqoCZY="
    },
    "@pixi/filter-color-replace": {
      "version": "2.6.0",
      "resolved": "https://registry.npmjs.org/@pixi/filter-color-replace/-/filter-color-replace-2.6.0.tgz",
      "integrity": "sha1-ft6FDom2GRPsANcWI3CUmjT8z38="
    },
    "@pixi/filter-convolution": {
      "version": "2.6.0",
      "resolved": "https://registry.npmjs.org/@pixi/filter-convolution/-/filter-convolution-2.6.0.tgz",
      "integrity": "sha1-zgzEma4TLk+6yKpQdEicx2oJcSA="
    },
    "@pixi/filter-cross-hatch": {
      "version": "2.5.0",
      "resolved": "https://registry.npmjs.org/@pixi/filter-cross-hatch/-/filter-cross-hatch-2.5.0.tgz",
      "integrity": "sha1-1y6dPrRK6mTmKfuHGCGWeexn0Bc="
    },
    "@pixi/filter-crt": {
      "version": "2.6.0",
      "resolved": "https://registry.npmjs.org/@pixi/filter-crt/-/filter-crt-2.6.0.tgz",
      "integrity": "sha1-CrXEal7CCiD5ykxJrzdSCuTgMgQ="
    },
    "@pixi/filter-dot": {
      "version": "2.5.0",
      "resolved": "https://registry.npmjs.org/@pixi/filter-dot/-/filter-dot-2.5.0.tgz",
      "integrity": "sha1-JdrRhGYutTehjKOOzwA9l92ZnXU="
    },
    "@pixi/filter-drop-shadow": {
      "version": "2.6.0",
      "resolved": "https://registry.npmjs.org/@pixi/filter-drop-shadow/-/filter-drop-shadow-2.6.0.tgz",
      "integrity": "sha1-XTw/WHZHQV9cAF5Sw+ExrczygPk=",
      "requires": {
        "@pixi/filter-kawase-blur": "^2.6.0"
      }
    },
    "@pixi/filter-emboss": {
      "version": "2.5.0",
      "resolved": "https://registry.npmjs.org/@pixi/filter-emboss/-/filter-emboss-2.5.0.tgz",
      "integrity": "sha1-PZfMT7WZHXaZ/+SnghbfjC41MHk="
    },
    "@pixi/filter-glitch": {
      "version": "2.6.1",
      "resolved": "https://registry.npmjs.org/@pixi/filter-glitch/-/filter-glitch-2.6.1.tgz",
      "integrity": "sha512-z3rl6kcMU7E11XyLgj9izLZDdeTw+tMKSvcSsD0ena+l9dORewLzmOiHprlHc7SJcdxIcy7u/9QuCsdXo/+TXQ=="
    },
    "@pixi/filter-glow": {
      "version": "2.5.0",
      "resolved": "https://registry.npmjs.org/@pixi/filter-glow/-/filter-glow-2.5.0.tgz",
      "integrity": "sha1-RL1GLMv+vit5Mikd3b7nzhTLYsA="
    },
    "@pixi/filter-godray": {
      "version": "2.6.0",
      "resolved": "https://registry.npmjs.org/@pixi/filter-godray/-/filter-godray-2.6.0.tgz",
      "integrity": "sha1-fJ/YXSlJdA9VXRuBf6f1/HGVLxw="
    },
    "@pixi/filter-kawase-blur": {
      "version": "2.6.0",
      "resolved": "https://registry.npmjs.org/@pixi/filter-kawase-blur/-/filter-kawase-blur-2.6.0.tgz",
      "integrity": "sha1-1Fw02c86Cm2ec7qCZrXvj0H81lI="
    },
    "@pixi/filter-motion-blur": {
      "version": "2.6.1",
      "resolved": "https://registry.npmjs.org/@pixi/filter-motion-blur/-/filter-motion-blur-2.6.1.tgz",
      "integrity": "sha512-OjYGWvpPU9ptuuUTuetxurzTgy97DKxpoxP2StlvVKbuBXxah7viZUKAtpSkMCSYCaUS/OZuqTtszziBG5ApxA=="
    },
    "@pixi/filter-multi-color-replace": {
      "version": "2.5.0",
      "resolved": "https://registry.npmjs.org/@pixi/filter-multi-color-replace/-/filter-multi-color-replace-2.5.0.tgz",
      "integrity": "sha1-MINN38mEzsdFMDTqUSF6ORuWz2A="
    },
    "@pixi/filter-old-film": {
      "version": "2.6.0",
      "resolved": "https://registry.npmjs.org/@pixi/filter-old-film/-/filter-old-film-2.6.0.tgz",
      "integrity": "sha1-OK5u1IKIzWsAhahHbI2i/0pAack="
    },
    "@pixi/filter-outline": {
      "version": "2.6.0",
      "resolved": "https://registry.npmjs.org/@pixi/filter-outline/-/filter-outline-2.6.0.tgz",
      "integrity": "sha1-qNFQPbF7y1gwzB9rQkyngAfrhB8="
    },
    "@pixi/filter-pixelate": {
      "version": "2.5.0",
      "resolved": "https://registry.npmjs.org/@pixi/filter-pixelate/-/filter-pixelate-2.5.0.tgz",
      "integrity": "sha1-B66z8ApI2cSnyyKIYNYyLXfbS8M="
    },
    "@pixi/filter-radial-blur": {
      "version": "2.6.0",
      "resolved": "https://registry.npmjs.org/@pixi/filter-radial-blur/-/filter-radial-blur-2.6.0.tgz",
      "integrity": "sha1-/S1SFHhjA/n08jsEB5c25hjgLXw="
    },
    "@pixi/filter-reflection": {
      "version": "2.6.0",
      "resolved": "https://registry.npmjs.org/@pixi/filter-reflection/-/filter-reflection-2.6.0.tgz",
      "integrity": "sha1-dJbLUaDmG/e8FY+o5h1FMZ2ozH8="
    },
    "@pixi/filter-rgb-split": {
      "version": "2.5.0",
      "resolved": "https://registry.npmjs.org/@pixi/filter-rgb-split/-/filter-rgb-split-2.5.0.tgz",
      "integrity": "sha1-STcE+o0GGnB3K2o49g3/axwntVQ="
    },
    "@pixi/filter-shockwave": {
      "version": "2.6.1",
      "resolved": "https://registry.npmjs.org/@pixi/filter-shockwave/-/filter-shockwave-2.6.1.tgz",
      "integrity": "sha512-Q8HvxwR/Kff3p2nopD2jP4E0MTr7x/IFOtIsC0f5KIKgNVu2UHvV8oRTB6Y0kVhMR2hDQk/Peu2jda6DrFVYXA=="
    },
    "@pixi/filter-simple-lightmap": {
      "version": "2.6.0",
      "resolved": "https://registry.npmjs.org/@pixi/filter-simple-lightmap/-/filter-simple-lightmap-2.6.0.tgz",
      "integrity": "sha1-8gRRAQcdnRd/1F9hcI+Hv/AZFJY="
    },
    "@pixi/filter-tilt-shift": {
      "version": "2.6.0",
      "resolved": "https://registry.npmjs.org/@pixi/filter-tilt-shift/-/filter-tilt-shift-2.6.0.tgz",
      "integrity": "sha1-O8yjv07zxcYYLZ9WA12lR83e9/k="
    },
    "@pixi/filter-twist": {
      "version": "2.5.0",
      "resolved": "https://registry.npmjs.org/@pixi/filter-twist/-/filter-twist-2.5.0.tgz",
      "integrity": "sha1-qPFlZ+m8Lx0wJqbrwxZ+JCIePyg="
    },
    "@pixi/filter-zoom-blur": {
      "version": "2.6.0",
      "resolved": "https://registry.npmjs.org/@pixi/filter-zoom-blur/-/filter-zoom-blur-2.6.0.tgz",
      "integrity": "sha1-Stlmowk3K3MeD8Rp2X3VG/edG9Y="
    },
    "bit-twiddle": {
      "version": "1.0.2",
      "resolved": "https://registry.npmjs.org/bit-twiddle/-/bit-twiddle-1.0.2.tgz",
      "integrity": "sha1-DGwfq+KyPRcXPZpht7cJPrnhdp4="
    },
    "earcut": {
      "version": "2.1.3",
      "resolved": "https://registry.npmjs.org/earcut/-/earcut-2.1.3.tgz",
      "integrity": "sha512-AxdCdWUk1zzK/NuZ7e1ljj6IGC+VAdC3Qb7QQDsXpfNrc5IM8tL9nNXUmEGE6jRHTfZ10zhzRhtDmWVsR5pd3A=="
    },
    "eventemitter3": {
      "version": "2.0.3",
      "resolved": "https://registry.npmjs.org/eventemitter3/-/eventemitter3-2.0.3.tgz",
      "integrity": "sha1-teEHm1n7XhuidxwKmTvgYKWMmbo="
    },
    "img": {
      "version": "3.0.3",
      "resolved": "https://registry.npmjs.org/img/-/img-3.0.3.tgz",
      "integrity": "sha1-llDwC0PVLE0zDwdAlKAHsGGs89Q="
    },
    "ismobilejs": {
      "version": "0.4.1",
      "resolved": "https://registry.npmjs.org/ismobilejs/-/ismobilejs-0.4.1.tgz",
      "integrity": "sha1-Gl8SbHD+05yT2jgPpiy65XI+fcI="
    },
    "mini-signals": {
      "version": "1.2.0",
      "resolved": "https://registry.npmjs.org/mini-signals/-/mini-signals-1.2.0.tgz",
      "integrity": "sha1-RbCAE8X65RokqhqTXNMXye1yHXQ="
    },
    "object-assign": {
      "version": "4.1.1",
      "resolved": "https://registry.npmjs.org/object-assign/-/object-assign-4.1.1.tgz",
      "integrity": "sha1-IQmtx5ZYh8/AXLvUQsrIv7s2CGM="
    },
    "parse-uri": {
      "version": "1.0.0",
      "resolved": "https://registry.npmjs.org/parse-uri/-/parse-uri-1.0.0.tgz",
      "integrity": "sha1-KHLcwi8aeXrN4Vg9igrClVLdrCA="
    },
    "pixi-filters": {
      "version": "2.6.1",
      "resolved": "https://registry.npmjs.org/pixi-filters/-/pixi-filters-2.6.1.tgz",
      "integrity": "sha512-GJcnQjhYM0ipx11L9+6+BZA8tA7AynonsIp/K4EmZd7lmBc8lMRHIRM1r1khWn9QvEtY4WooW0T4QwskFOFwhA==",
      "requires": {
        "@pixi/filter-adjustment": "^2.5.0",
        "@pixi/filter-advanced-bloom": "^2.6.0",
        "@pixi/filter-ascii": "^2.5.0",
        "@pixi/filter-bevel": "^2.6.0",
        "@pixi/filter-bloom": "^2.5.0",
        "@pixi/filter-bulge-pinch": "^2.6.0",
        "@pixi/filter-color-map": "^2.6.0",
        "@pixi/filter-color-replace": "^2.6.0",
        "@pixi/filter-convolution": "^2.6.0",
        "@pixi/filter-cross-hatch": "^2.5.0",
        "@pixi/filter-crt": "^2.6.0",
        "@pixi/filter-dot": "^2.5.0",
        "@pixi/filter-drop-shadow": "^2.6.0",
        "@pixi/filter-emboss": "^2.5.0",
        "@pixi/filter-glitch": "^2.6.1",
        "@pixi/filter-glow": "^2.5.0",
        "@pixi/filter-godray": "^2.6.0",
        "@pixi/filter-kawase-blur": "^2.6.0",
        "@pixi/filter-motion-blur": "^2.6.1",
        "@pixi/filter-multi-color-replace": "^2.5.0",
        "@pixi/filter-old-film": "^2.6.0",
        "@pixi/filter-outline": "^2.6.0",
        "@pixi/filter-pixelate": "^2.5.0",
        "@pixi/filter-radial-blur": "^2.6.0",
        "@pixi/filter-reflection": "^2.6.0",
        "@pixi/filter-rgb-split": "^2.5.0",
        "@pixi/filter-shockwave": "^2.6.1",
        "@pixi/filter-simple-lightmap": "^2.6.0",
        "@pixi/filter-tilt-shift": "^2.6.0",
        "@pixi/filter-twist": "^2.5.0",
        "@pixi/filter-zoom-blur": "^2.6.0"
      }
    },
    "pixi-gl-core": {
      "version": "1.1.4",
      "resolved": "https://registry.npmjs.org/pixi-gl-core/-/pixi-gl-core-1.1.4.tgz",
      "integrity": "sha1-i0tcQzsx5Bm8N53FZc4bg1qRs3I="
    },
    "pixi.js": {
      "version": "4.8.2",
      "resolved": "https://registry.npmjs.org/pixi.js/-/pixi.js-4.8.2.tgz",
      "integrity": "sha512-OHA3Q3wwxRJXkVWALVuiUcUqQZd5p0rQF9ikCvOmux3A6Lxb5S61v4PMEAVgR3+1auZekbv/GNHCxDGFCQSi8g==",
      "requires": {
        "bit-twiddle": "^1.0.2",
        "earcut": "^2.1.3",
        "eventemitter3": "^2.0.0",
        "ismobilejs": "^0.4.0",
        "object-assign": "^4.0.1",
        "pixi-gl-core": "^1.1.4",
        "remove-array-items": "^1.0.0",
        "resource-loader": "^2.1.1"
      }
    },
    "remove-array-items": {
      "version": "1.0.0",
      "resolved": "https://registry.npmjs.org/remove-array-items/-/remove-array-items-1.0.0.tgz",
      "integrity": "sha1-B79CyzMvTPboXq2DteToltIyayE="
    },
    "reset-css": {
      "version": "4.0.1",
      "resolved": "https://registry.npmjs.org/reset-css/-/reset-css-4.0.1.tgz",
      "integrity": "sha512-aQFi5IxXVegVTfz0hOmXsPSmc8tlPDQOkfatHfPu3Cm6id7UXM4OzXfsaUWJEgV2yrCngsagpIb3wHXPjKAx+Q=="
    },
    "reset.css": {
      "version": "2.0.2",
      "resolved": "https://registry.npmjs.org/reset.css/-/reset.css-2.0.2.tgz",
      "integrity": "sha1-nAEwnIILcujyGevMjhQRlJYE99c="
    },
    "resource-loader": {
      "version": "2.1.1",
      "resolved": "https://registry.npmjs.org/resource-loader/-/resource-loader-2.1.1.tgz",
      "integrity": "sha512-jRMGYUfa4AGk9ib45Wxc93lobhQVoiCUAUkWqsbb/fhGPge97YT1S8aC0xBEQpolMsrdmB3o7SH8VmIEvIDOLA==",
      "requires": {
        "mini-signals": "^1.1.1",
        "parse-uri": "^1.0.0"
      }
    }
  }
}
